// !$*UTF8*$!
{
	archiveVersion = 1;
	classes = {
	};
	objectVersion = 48;
	objects = {

/* Begin PBXBuildFile section */
		310D47A21FE2CF0800CA9520 /* AppDelegate.swift in Sources */ = {isa = PBXBuildFile; fileRef = 310D47A11FE2CF0800CA9520 /* AppDelegate.swift */; };
		310D47A41FE2CF0800CA9520 /* ViewController.swift in Sources */ = {isa = PBXBuildFile; fileRef = 310D47A31FE2CF0800CA9520 /* ViewController.swift */; };
		310D47A71FE2CF0800CA9520 /* Main.storyboard in Resources */ = {isa = PBXBuildFile; fileRef = 310D47A51FE2CF0800CA9520 /* Main.storyboard */; };
		310D47A91FE2CF0800CA9520 /* Assets.xcassets in Resources */ = {isa = PBXBuildFile; fileRef = 310D47A81FE2CF0800CA9520 /* Assets.xcassets */; };
		310D47AC1FE2CF0800CA9520 /* LaunchScreen.storyboard in Resources */ = {isa = PBXBuildFile; fileRef = 310D47AA1FE2CF0800CA9520 /* LaunchScreen.storyboard */; };
/* End PBXBuildFile section */

/* Begin PBXFileReference section */
		310D479E1FE2CF0800CA9520 /* TheWeatherForecast.app */ = {isa = PBXFileReference; explicitFileType = wrapper.application; includeInIndex = 0; path = TheWeatherForecast.app; sourceTree = BUILT_PRODUCTS_DIR; };
		310D47A11FE2CF0800CA9520 /* AppDelegate.swift */ = {isa = PBXFileReference; lastKnownFileType = sourcecode.swift; path = AppDelegate.swift; sourceTree = "<group>"; };
		310D47A31FE2CF0800CA9520 /* ViewController.swift */ = {isa = PBXFileReference; lastKnownFileType = sourcecode.swift; path = ViewController.swift; sourceTree = "<group>"; };
		310D47A61FE2CF0800CA9520 /* Base */ = {isa = PBXFileReference; lastKnownFileType = file.storyboard; name = Base; path = Base.lproj/Main.storyboard; sourceTree = "<group>"; };
		310D47A81FE2CF0800CA9520 /* Assets.xcassets */ = {isa = PBXFileReference; lastKnownFileType = folder.assetcatalog; path = Assets.xcassets; sourceTree = "<group>"; };
		310D47AB1FE2CF0800CA9520 /* Base */ = {isa = PBXFileReference; lastKnownFileType = file.storyboard; name = Base; path = Base.lproj/LaunchScreen.storyboard; sourceTree = "<group>"; };
		310D47AD1FE2CF0800CA9520 /* Info.plist */ = {isa = PBXFileReference; lastKnownFileType = text.plist.xml; path = Info.plist; sourceTree = "<group>"; };
/* End PBXFileReference section */

/* Begin PBXFrameworksBuildPhase section */
		310D479B1FE2CF0800CA9520 /* Frameworks */ = {
			isa = PBXFrameworksBuildPhase;
			buildActionMask = 2147483647;
			files = (
			);
			runOnlyForDeploymentPostprocessing = 0;
		};
/* End PBXFrameworksBuildPhase section */

/* Begin PBXGroup section */
		310D47951FE2CF0800CA9520 = {
			isa = PBXGroup;
			children = (
				310D47A01FE2CF0800CA9520 /* TheWeatherForecast */,
				310D479F1FE2CF0800CA9520 /* Products */,
			);
			sourceTree = "<group>";
		};
		310D479F1FE2CF0800CA9520 /* Products */ = {
			isa = PBXGroup;
			children = (
				310D479E1FE2CF0800CA9520 /* TheWeatherForecast.app */,
			);
			name = Products;
			sourceTree = "<group>";
		};
		310D47A01FE2CF0800CA9520 /* TheWeatherForecast */ = {
			isa = PBXGroup;
			children = (
				310D47A11FE2CF0800CA9520 /* AppDelegate.swift */,
				310D47A31FE2CF0800CA9520 /* ViewController.swift */,
				310D47A51FE2CF0800CA9520 /* Main.storyboard */,
				310D47A81FE2CF0800CA9520 /* Assets.xcassets */,
				310D47AA1FE2CF0800CA9520 /* LaunchScreen.storyboard */,
				310D47AD1FE2CF0800CA9520 /* Info.plist */,
			);
			path = TheWeatherForecast;
			sourceTree = "<group>";
		};
/* End PBXGroup section */

/* Begin PBXNativeTarget section */
		310D479D1FE2CF0800CA9520 /* TheWeatherForecast */ = {
			isa = PBXNativeTarget;
			buildConfigurationList = 310D47B01FE2CF0800CA9520 /* Build configuration list for PBXNativeTarget "TheWeatherForecast" */;
			buildPhases = (
				310D479A1FE2CF0800CA9520 /* Sources */,
				310D479B1FE2CF0800CA9520 /* Frameworks */,
				310D479C1FE2CF0800CA9520 /* Resources */,
			);
			buildRules = (
			);
			dependencies = (
			);
			name = TheWeatherForecast;
			productName = TheWeatherForecast;
			productReference = 310D479E1FE2CF0800CA9520 /* TheWeatherForecast.app */;
			productType = "com.apple.product-type.application";
		};
/* End PBXNativeTarget section */

/* Begin PBXProject section */
		310D47961FE2CF0800CA9520 /* Project object */ = {
			isa = PBXProject;
			attributes = {
				LastSwiftUpdateCheck = 0920;
				LastUpgradeCheck = 0920;
				ORGANIZATIONNAME = "Gerson Costa";
				TargetAttributes = {
					310D479D1FE2CF0800CA9520 = {
						CreatedOnToolsVersion = 9.2;
						ProvisioningStyle = Automatic;
					};
				};
			};
			buildConfigurationList = 310D47991FE2CF0800CA9520 /* Build configuration list for PBXProject "TheWeatherForecast" */;
			compatibilityVersion = "Xcode 8.0";
			developmentRegion = en;
			hasScannedForEncodings = 0;
			knownRegions = (
				en,
				Base,
			);
			mainGroup = 310D47951FE2CF0800CA9520;
			productRefGroup = 310D479F1FE2CF0800CA9520 /* Products */;
			projectDirPath = "";
			projectRoot = "";
			targets = (
				310D479D1FE2CF0800CA9520 /* TheWeatherForecast */,
			);
		};
/* End PBXProject section */

/* Begin PBXResourcesBuildPhase section */
		310D479C1FE2CF0800CA9520 /* Resources */ = {
			isa = PBXResourcesBuildPhase;
			buildActionMask = 2147483647;
			files = (
				310D47AC1FE2CF0800CA9520 /* LaunchScreen.storyboard in Resources */,
				310D47A91FE2CF0800CA9520 /* Assets.xcassets in Resources */,
				310D47A71FE2CF0800CA9520 /* Main.storyboard in Resources */,
			);
			runOnlyForDeploymentPostprocessing = 0;
		};
/* End PBXResourcesBuildPhase section */

/* Begin PBXSourcesBuildPhase section */
		310D479A1FE2CF0800CA9520 /* Sources */ = {
			isa = PBXSourcesBuildPhase;
			buildActionMask = 2147483647;
			files = (
				310D47A41FE2CF0800CA9520 /* ViewController.swift in Sources */,
				310D47A21FE2CF0800CA9520 /* AppDelegate.swift in Sources */,
			);
			runOnlyForDeploymentPostprocessing = 0;
		};
/* End PBXSourcesBuildPhase section */

/* Begin PBXVariantGroup section */
		310D47A51FE2CF0800CA9520 /* Main.storyboard */ = {
			isa = PBXVariantGroup;
			children = (
				310D47A61FE2CF0800CA9520 /* Base */,
			);
			name = Main.storyboard;
			sourceTree = "<group>";
		};
		310D47AA1FE2CF0800CA9520 /* LaunchScreen.storyboard */ = {
			isa = PBXVariantGroup;
			children = (
				310D47AB1FE2CF0800CA9520 /* Base */,
			);
			name = LaunchScreen.storyboard;
			sourceTree = "<group>";
		};
/* End PBXVariantGroup section */

/* Begin XCBuildConfiguration section */
		310D47AE1FE2CF0800CA9520 /* Debug */ = {
			isa = XCBuildConfiguration;
			buildSettings = {
				ALWAYS_SEARCH_USER_PATHS = NO;
				CLANG_ANALYZER_NONNULL = YES;
				CLANG_ANALYZER_NUMBER_OBJECT_CONVERSION = YES_AGGRESSIVE;
				CLANG_CXX_LANGUAGE_STANDARD = "gnu++14";
				CLANG_CXX_LIBRARY = "libc++";
				CLANG_ENABLE_MODULES = YES;
				CLANG_ENABLE_OBJC_ARC = YES;
				CLANG_WARN_BLOCK_CAPTURE_AUTORELEASING = YES;
				CLANG_WARN_BOOL_CONVERSION = YES;
				CLANG_WARN_COMMA = YES;
				CLANG_WARN_CONSTANT_CONVERSION = YES;
				CLANG_WARN_DIRECT_OBJC_ISA_USAGE = YES_ERROR;
				CLANG_WARN_DOCUMENTATION_COMMENTS = YES;
				CLANG_WARN_EMPTY_BODY = YES;
				CLANG_WARN_ENUM_CONVERSION = YES;
				CLANG_WARN_INFINITE_RECURSION = YES;
				CLANG_WARN_INT_CONVERSION = YES;
				CLANG_WARN_NON_LITERAL_NULL_CONVERSION = YES;
				CLANG_WARN_OBJC_LITERAL_CONVERSION = YES;
				CLANG_WARN_OBJC_ROOT_CLASS = YES_ERROR;
				CLANG_WARN_RANGE_LOOP_ANALYSIS = YES;
				CLANG_WARN_STRICT_PROTOTYPES = YES;
				CLANG_WARN_SUSPICIOUS_MOVE = YES;
				CLANG_WARN_UNGUARDED_AVAILABILITY = YES_AGGRESSIVE;
				CLANG_WARN_UNREACHABLE_CODE = YES;
				CLANG_WARN__DUPLICATE_METHOD_MATCH = YES;
				CODE_SIGN_IDENTITY = "iPhone Developer";
				COPY_PHASE_STRIP = NO;
				DEBUG_INFORMATION_FORMAT = dwarf;
				ENABLE_STRICT_OBJC_MSGSEND = YES;
				ENABLE_TESTABILITY = YES;
				GCC_C_LANGUAGE_STANDARD = gnu11;
				GCC_DYNAMIC_NO_PIC = NO;
				GCC_NO_COMMON_BLOCKS = YES;
				GCC_OPTIMIZATION_LEVEL = 0;
				GCC_PREPROCESSOR_DEFINITIONS = (
					"DEBUG=1",
					"$(inherited)",
				);
				GCC_WARN_64_TO_32_BIT_CONVERSION = YES;
				GCC_WARN_ABOUT_RETURN_TYPE = YES_ERROR;
				GCC_WARN_UNDECLARED_SELECTOR = YES;
				GCC_WARN_UNINITIALIZED_AUTOS = YES_AGGRESSIVE;
				GCC_WARN_UNUSED_FUNCTION = YES;
				GCC_WARN_UNUSED_VARIABLE = YES;
				IPHONEOS_DEPLOYMENT_TARGET = 11.2;
				MTL_ENABLE_DEBUG_INFO = YES;
				ONLY_ACTIVE_ARCH = YES;
				SDKROOT = iphoneos;
				SWIFT_ACTIVE_COMPILATION_CONDITIONS = DEBUG;
				SWIFT_OPTIMIZATION_LEVEL = "-Onone";
			};
			name = Debug;
		};
		310D47AF1FE2CF0800CA9520 /* Release */ = {
			isa = XCBuildConfiguration;
			buildSettings = {
				ALWAYS_SEARCH_USER_PATHS = NO;
				CLANG_ANALYZER_NONNULL = YES;
				CLANG_ANALYZER_NUMBER_OBJECT_CONVERSION = YES_AGGRESSIVE;
				CLANG_CXX_LANGUAGE_STANDARD = "gnu++14";
				CLANG_CXX_LIBRARY = "libc++";
				CLANG_ENABLE_MODULES = YES;
				CLANG_ENABLE_OBJC_ARC = YES;
				CLANG_WARN_BLOCK_CAPTURE_AUTORELEASING = YES;
				CLANG_WARN_BOOL_CONVERSION = YES;
				CLANG_WARN_COMMA = YES;
				CLANG_WARN_CONSTANT_CONVERSION = YES;
				CLANG_WARN_DIRECT_OBJC_ISA_USAGE = YES_ERROR;
				CLANG_WARN_DOCUMENTATION_COMMENTS = YES;
				CLANG_WARN_EMPTY_BODY = YES;
				CLANG_WARN_ENUM_CONVERSION = YES;
				CLANG_WARN_INFINITE_RECURSION = YES;
				CLANG_WARN_INT_CONVERSION = YES;
				CLANG_WARN_NON_LITERAL_NULL_CONVERSION = YES;
				CLANG_WARN_OBJC_LITERAL_CONVERSION = YES;
				CLANG_WARN_OBJC_ROOT_CLASS = YES_ERROR;
				CLANG_WARN_RANGE_LOOP_ANALYSIS = YES;
				CLANG_WARN_STRICT_PROTOTYPES = YES;
				CLANG_WARN_SUSPICIOUS_MOVE = YES;
				CLANG_WARN_UNGUARDED_AVAILABILITY = YES_AGGRESSIVE;
				CLANG_WARN_UNREACHABLE_CODE = YES;
				CLANG_WARN__DUPLICATE_METHOD_MATCH = YES;
				CODE_SIGN_IDENTITY = "iPhone Developer";
				COPY_PHASE_STRIP = NO;
				DEBUG_INFORMATION_FORMAT = "dwarf-with-dsym";
				ENABLE_NS_ASSERTIONS = NO;
				ENABLE_STRICT_OBJC_MSGSEND = YES;
				GCC_C_LANGUAGE_STANDARD = gnu11;
				GCC_NO_COMMON_BLOCKS = YES;
				GCC_WARN_64_TO_32_BIT_CONVERSION = YES;
				GCC_WARN_ABOUT_RETURN_TYPE = YES_ERROR;
				GCC_WARN_UNDECLARED_SELECTOR = YES;
				GCC_WARN_UNINITIALIZED_AUTOS = YES_AGGRESSIVE;
				GCC_WARN_UNUSED_FUNCTION = YES;
				GCC_WARN_UNUSED_VARIABLE = YES;
				IPHONEOS_DEPLOYMENT_TARGET = 11.2;
				MTL_ENABLE_DEBUG_INFO = NO;
				SDKROOT = iphoneos;
				SWIFT_OPTIMIZATION_LEVEL = "-Owholemodule";
				VALIDATE_PRODUCT = YES;
			};
			name = Release;
		};
		310D47B11FE2CF0800CA9520 /* Debug */ = {
			isa = XCBuildConfiguration;
			buildSettings = {
				ASSETCATALOG_COMPILER_APPICON_NAME = AppIcon;
				CODE_SIGN_STYLE = Automatic;
				DEVELOPMENT_TEAM = ER6BYU52Q5;
				INFOPLIST_FILE = TheWeatherForecast/Info.plist;
				LD_RUNPATH_SEARCH_PATHS = "$(inherited) @executable_path/Frameworks";
				PRODUCT_BUNDLE_IDENTIFIER = com.gerson.lcc.TheWeatherForecast;
				PRODUCT_NAME = "$(TARGET_NAME)";
				SWIFT_VERSION = 4.0;
				TARGETED_DEVICE_FAMILY = "1,2";
			};
			name = Debug;
		};
		310D47B21FE2CF0800CA9520 /* Release */ = {
			isa = XCBuildConfiguration;
			buildSettings = {
				ASSETCATALOG_COMPILER_APPICON_NAME = AppIcon;
				CODE_SIGN_STYLE = Automatic;
				DEVELOPMENT_TEAM = ER6BYU52Q5;
				INFOPLIST_FILE = TheWeatherForecast/Info.plist;
				LD_RUNPATH_SEARCH_PATHS = "$(inherited) @executable_path/Frameworks";
				PRODUCT_BUNDLE_IDENTIFIER = com.gerson.lcc.TheWeatherForecast;
				PRODUCT_NAME = "$(TARGET_NAME)";
				SWIFT_VERSION = 4.0;
				TARGETED_DEVICE_FAMILY = "1,2";
			};
			name = Release;
		};
/* End XCBuildConfiguration section */

/* Begin XCConfigurationList section */
		310D47991FE2CF0800CA9520 /* Build configuration list for PBXProject "TheWeatherForecast" */ = {
			isa = XCConfigurationList;
			buildConfigurations = (
				310D47AE1FE2CF0800CA9520 /* Debug */,
				310D47AF1FE2CF0800CA9520 /* Release */,
			);
			defaultConfigurationIsVisible = 0;
			defaultConfigurationName = Release;
		};
		310D47B01FE2CF0800CA9520 /* Build configuration list for PBXNativeTarget "TheWeatherForecast" */ = {
			isa = XCConfigurationList;
			buildConfigurations = (
				310D47B11FE2CF0800CA9520 /* Debug */,
				310D47B21FE2CF0800CA9520 /* Release */,
			);
			defaultConfigurationIsVisible = 0;
			defaultConfigurationName = Release;
		};
/* End XCConfigurationList section */
	};
	rootObject = 310D47961FE2CF0800CA9520 /* Project object */;
}
